
Microsoft Visual Studio Solution File, Format Version 12.00
# Visual Studio Version 17
VisualStudioVersion = 17.10.35201.131
MinimumVisualStudioVersion = 10.0.40219.1
Project("{FAE04EC0-301F-11D3-BF4B-00C04F79EFBC}") = "Rotas", "Rotas\Rotas.csproj", "{D21BD533-B3FF-4E58-A9C1-5B12AD16D3AD}"
EndProject
Project("{2150E333-8FDC-42A3-9474-1A3956D46DE8}") = "API", "API", "{FBBAAEAF-0A75-4BC8-AED3-96321D792574}"
EndProject
Project("{2150E333-8FDC-42A3-9474-1A3956D46DE8}") = "Data", "Data", "{C8FE8934-B20F-444F-992B-3759C632EBDC}"
EndProject
Project("{2150E333-8FDC-42A3-9474-1A3956D46DE8}") = "Domain", "Domain", "{7CDA43BE-2386-4EA6-8D28-5309B8FA6BCA}"
EndProject
Project("{2150E333-8FDC-42A3-9474-1A3956D46DE8}") = "Service", "Service", "{E430ECBD-4DE4-4DBB-9AF9-F011C58198A7}"
EndProject
Project("{2150E333-8FDC-42A3-9474-1A3956D46DE8}") = "Tests", "Tests", "{93830D6C-E1C3-4B5A-ADDF-5100E4D3F00A}"
EndProject
Project("{FAE04EC0-301F-11D3-BF4B-00C04F79EFBC}") = "Service", "Service\Service.csproj", "{C7F1341F-A0C5-4CC5-90F8-9AA2DCF559C2}"
EndProject
Project("{FAE04EC0-301F-11D3-BF4B-00C04F79EFBC}") = "Domain", "Domain\Domain.csproj", "{6942FAD7-E523-416E-B32E-4D3AF0B0B7BE}"
EndProject
Project("{FAE04EC0-301F-11D3-BF4B-00C04F79EFBC}") = "Data", "Data\Data.csproj", "{978B0087-020C-4988-96AB-E4883C1254FD}"
EndProject
Project("{2150E333-8FDC-42A3-9474-1A3956D46DE8}") = "ArquivoDados", "ArquivoDados", "{61E5E3CE-6A99-4070-B52A-C2DB2C189284}"
EndProject
Project("{FAE04EC0-301F-11D3-BF4B-00C04F79EFBC}") = "Tests", "Tests\Tests.csproj", "{DFBAF77D-A7EF-4585-ABCE-B24D8A4ECD7E}"
EndProject
Project("{2150E333-8FDC-42A3-9474-1A3956D46DE8}") = "Executavel", "Executavel", "{35BBA368-4906-419F-8518-F8DB537FE32A}"
EndProject
Project("{FAE04EC0-301F-11D3-BF4B-00C04F79EFBC}") = "AppRotas", "AppRotas\AppRotas.csproj", "{A7B3CE29-B265-4C32-8614-A41B3F9D4075}"
EndProject
Global
	GlobalSection(SolutionConfigurationPlatforms) = preSolution
		Debug|Any CPU = Debug|Any CPU
		Release|Any CPU = Release|Any CPU
	EndGlobalSection
	GlobalSection(ProjectConfigurationPlatforms) = postSolution
		{D21BD533-B3FF-4E58-A9C1-5B12AD16D3AD}.Debug|Any CPU.ActiveCfg = Debug|Any CPU
		{D21BD533-B3FF-4E58-A9C1-5B12AD16D3AD}.Debug|Any CPU.Build.0 = Debug|Any CPU
		{D21BD533-B3FF-4E58-A9C1-5B12AD16D3AD}.Release|Any CPU.ActiveCfg = Release|Any CPU
		{D21BD533-B3FF-4E58-A9C1-5B12AD16D3AD}.Release|Any CPU.Build.0 = Release|Any CPU
		{C7F1341F-A0C5-4CC5-90F8-9AA2DCF559C2}.Debug|Any CPU.ActiveCfg = Debug|Any CPU
		{C7F1341F-A0C5-4CC5-90F8-9AA2DCF559C2}.Debug|Any CPU.Build.0 = Debug|Any CPU
		{C7F1341F-A0C5-4CC5-90F8-9AA2DCF559C2}.Release|Any CPU.ActiveCfg = Release|Any CPU
		{C7F1341F-A0C5-4CC5-90F8-9AA2DCF559C2}.Release|Any CPU.Build.0 = Release|Any CPU
		{6942FAD7-E523-416E-B32E-4D3AF0B0B7BE}.Debug|Any CPU.ActiveCfg = Debug|Any CPU
		{6942FAD7-E523-416E-B32E-4D3AF0B0B7BE}.Debug|Any CPU.Build.0 = Debug|Any CPU
		{6942FAD7-E523-416E-B32E-4D3AF0B0B7BE}.Release|Any CPU.ActiveCfg = Release|Any CPU
		{6942FAD7-E523-416E-B32E-4D3AF0B0B7BE}.Release|Any CPU.Build.0 = Release|Any CPU
		{978B0087-020C-4988-96AB-E4883C1254FD}.Debug|Any CPU.ActiveCfg = Debug|Any CPU
		{978B0087-020C-4988-96AB-E4883C1254FD}.Debug|Any CPU.Build.0 = Debug|Any CPU
		{978B0087-020C-4988-96AB-E4883C1254FD}.Release|Any CPU.ActiveCfg = Release|Any CPU
		{978B0087-020C-4988-96AB-E4883C1254FD}.Release|Any CPU.Build.0 = Release|Any CPU
		{DFBAF77D-A7EF-4585-ABCE-B24D8A4ECD7E}.Debug|Any CPU.ActiveCfg = Debug|Any CPU
		{DFBAF77D-A7EF-4585-ABCE-B24D8A4ECD7E}.Debug|Any CPU.Build.0 = Debug|Any CPU
		{DFBAF77D-A7EF-4585-ABCE-B24D8A4ECD7E}.Release|Any CPU.ActiveCfg = Release|Any CPU
		{DFBAF77D-A7EF-4585-ABCE-B24D8A4ECD7E}.Release|Any CPU.Build.0 = Release|Any CPU
		{A7B3CE29-B265-4C32-8614-A41B3F9D4075}.Debug|Any CPU.ActiveCfg = Debug|Any CPU
		{A7B3CE29-B265-4C32-8614-A41B3F9D4075}.Debug|Any CPU.Build.0 = Debug|Any CPU
		{A7B3CE29-B265-4C32-8614-A41B3F9D4075}.Release|Any CPU.ActiveCfg = Release|Any CPU
		{A7B3CE29-B265-4C32-8614-A41B3F9D4075}.Release|Any CPU.Build.0 = Release|Any CPU
	EndGlobalSection
	GlobalSection(SolutionProperties) = preSolution
		HideSolutionNode = FALSE
	EndGlobalSection
	GlobalSection(NestedProjects) = preSolution
		{D21BD533-B3FF-4E58-A9C1-5B12AD16D3AD} = {FBBAAEAF-0A75-4BC8-AED3-96321D792574}
		{C7F1341F-A0C5-4CC5-90F8-9AA2DCF559C2} = {E430ECBD-4DE4-4DBB-9AF9-F011C58198A7}
		{6942FAD7-E523-416E-B32E-4D3AF0B0B7BE} = {7CDA43BE-2386-4EA6-8D28-5309B8FA6BCA}
		{978B0087-020C-4988-96AB-E4883C1254FD} = {C8FE8934-B20F-444F-992B-3759C632EBDC}
		{DFBAF77D-A7EF-4585-ABCE-B24D8A4ECD7E} = {93830D6C-E1C3-4B5A-ADDF-5100E4D3F00A}
		{A7B3CE29-B265-4C32-8614-A41B3F9D4075} = {35BBA368-4906-419F-8518-F8DB537FE32A}
	EndGlobalSection
	GlobalSection(ExtensibilityGlobals) = postSolution
		SolutionGuid = {D6BA6C09-CCC6-4DF3-BD87-7ADAAB77367F}
	EndGlobalSection
EndGlobal
